
Microsoft Visual Studio Solution File, Format Version 12.00
# Visual Studio Version 17
VisualStudioVersion = 17.1.32228.430
MinimumVisualStudioVersion = 10.0.40219.1
Project("{FAE04EC0-301F-11D3-BF4B-00C04F79EFBC}") = "TracerSerializerJSON", "TracerSerializerJSON\TracerSerializerJSON.csproj", "{D7139B2B-6690-42CA-A0C3-53613AEB1AAC}"
EndProject
Project("{FAE04EC0-301F-11D3-BF4B-00C04F79EFBC}") = "TracerSerializerYAML", "TracerSerializerYAML\TracerSerializerYAML.csproj", "{D680D1DF-3717-4A20-A168-55DC6FC8B4A5}"
EndProject
Project("{FAE04EC0-301F-11D3-BF4B-00C04F79EFBC}") = "TracerSerializerXML", "TracerSerializerXML\TracerSerializerXML.csproj", "{B167B650-F8B0-46A5-AF6A-2756EA1C8194}"
EndProject
Global
	GlobalSection(SolutionConfigurationPlatforms) = preSolution
		Debug|Any CPU = Debug|Any CPU
		Release|Any CPU = Release|Any CPU
	EndGlobalSection
	GlobalSection(ProjectConfigurationPlatforms) = postSolution
		{D7139B2B-6690-42CA-A0C3-53613AEB1AAC}.Debug|Any CPU.ActiveCfg = Debug|Any CPU
		{D7139B2B-6690-42CA-A0C3-53613AEB1AAC}.Debug|Any CPU.Build.0 = Debug|Any CPU
		{D7139B2B-6690-42CA-A0C3-53613AEB1AAC}.Release|Any CPU.ActiveCfg = Release|Any CPU
		{D7139B2B-6690-42CA-A0C3-53613AEB1AAC}.Release|Any CPU.Build.0 = Release|Any CPU
		{D680D1DF-3717-4A20-A168-55DC6FC8B4A5}.Debug|Any CPU.ActiveCfg = Debug|Any CPU
		{D680D1DF-3717-4A20-A168-55DC6FC8B4A5}.Debug|Any CPU.Build.0 = Debug|Any CPU
		{D680D1DF-3717-4A20-A168-55DC6FC8B4A5}.Release|Any CPU.ActiveCfg = Release|Any CPU
		{D680D1DF-3717-4A20-A168-55DC6FC8B4A5}.Release|Any CPU.Build.0 = Release|Any CPU
		{B167B650-F8B0-46A5-AF6A-2756EA1C8194}.Debug|Any CPU.ActiveCfg = Debug|Any CPU
		{B167B650-F8B0-46A5-AF6A-2756EA1C8194}.Debug|Any CPU.Build.0 = Debug|Any CPU
		{B167B650-F8B0-46A5-AF6A-2756EA1C8194}.Release|Any CPU.ActiveCfg = Release|Any CPU
		{B167B650-F8B0-46A5-AF6A-2756EA1C8194}.Release|Any CPU.Build.0 = Release|Any CPU
	EndGlobalSection
	GlobalSection(SolutionProperties) = preSolution
		HideSolutionNode = FALSE
	EndGlobalSection
	GlobalSection(ExtensibilityGlobals) = postSolution
		SolutionGuid = {88DC9ACC-D5D1-4D67-8717-059F16485ABF}
	EndGlobalSection
EndGlobal
